# THIS IS AN AUTOGENERATED FILE. DO NOT EDIT THIS FILE DIRECTLY.
# yarn lockfile v1


kontra@^6.2.3:
  version "6.2.3"
  resolved "https://registry.npmjs.org/kontra/-/kontra-6.2.3.tgz#4282f877ff27757755c77981987ad5fb6b045356"
  integrity sha512-LkzFBzGgZFznzFYEjumixmkCGZy3D6yIvpyssYDnwGeO42PB2kfwzTnxrdrBE75C9Ax/toLcn8MsFOKPRLbdmg==
